// !$*UTF8*$!
{
	archiveVersion = 1;
	classes = {
	};
	objectVersion = 46;
	objects = {

/* Begin PBXBuildFile section */
		92BC17F91942362800EFDCE1 /* Foundation.framework in Frameworks */ = {isa = PBXBuildFile; fileRef = 92BC17F81942362800EFDCE1 /* Foundation.framework */; };
		92BC17FB1942362800EFDCE1 /* CoreGraphics.framework in Frameworks */ = {isa = PBXBuildFile; fileRef = 92BC17FA1942362800EFDCE1 /* CoreGraphics.framework */; };
		92BC17FD1942362800EFDCE1 /* UIKit.framework in Frameworks */ = {isa = PBXBuildFile; fileRef = 92BC17FC1942362800EFDCE1 /* UIKit.framework */; };
		92BC18031942362800EFDCE1 /* InfoPlist.strings in Resources */ = {isa = PBXBuildFile; fileRef = 92BC18011942362800EFDCE1 /* InfoPlist.strings */; };
		92BC18051942362800EFDCE1 /* main.m in Sources */ = {isa = PBXBuildFile; fileRef = 92BC18041942362800EFDCE1 /* main.m */; };
		92BC18091942362900EFDCE1 /* UnoAppDelegate.m in Sources */ = {isa = PBXBuildFile; fileRef = 92BC18081942362900EFDCE1 /* UnoAppDelegate.m */; };
		92BC180C1942362900EFDCE1 /* Main.storyboard in Resources */ = {isa = PBXBuildFile; fileRef = 92BC180A1942362900EFDCE1 /* Main.storyboard */; };
		92BC180F1942362900EFDCE1 /* UnoFirstViewController.m in Sources */ = {isa = PBXBuildFile; fileRef = 92BC180E1942362900EFDCE1 /* UnoFirstViewController.m */; };
		92BC18121942362900EFDCE1 /* UnoSecondViewController.m in Sources */ = {isa = PBXBuildFile; fileRef = 92BC18111942362900EFDCE1 /* UnoSecondViewController.m */; };
		92BC18141942362900EFDCE1 /* Images.xcassets in Resources */ = {isa = PBXBuildFile; fileRef = 92BC18131942362900EFDCE1 /* Images.xcassets */; };
		92BC181B1942362900EFDCE1 /* XCTest.framework in Frameworks */ = {isa = PBXBuildFile; fileRef = 92BC181A1942362900EFDCE1 /* XCTest.framework */; };
		92BC181C1942362900EFDCE1 /* Foundation.framework in Frameworks */ = {isa = PBXBuildFile; fileRef = 92BC17F81942362800EFDCE1 /* Foundation.framework */; };
		92BC181D1942362900EFDCE1 /* UIKit.framework in Frameworks */ = {isa = PBXBuildFile; fileRef = 92BC17FC1942362800EFDCE1 /* UIKit.framework */; };
		92BC18251942362900EFDCE1 /* InfoPlist.strings in Resources */ = {isa = PBXBuildFile; fileRef = 92BC18231942362900EFDCE1 /* InfoPlist.strings */; };
		92BC18271942362900EFDCE1 /* FlipDemo1Tests.m in Sources */ = {isa = PBXBuildFile; fileRef = 92BC18261942362900EFDCE1 /* FlipDemo1Tests.m */; };
/* End PBXBuildFile section */

/* Begin PBXContainerItemProxy section */
		92BC181E1942362900EFDCE1 /* PBXContainerItemProxy */ = {
			isa = PBXContainerItemProxy;
			containerPortal = 92BC17ED1942362800EFDCE1 /* Project object */;
			proxyType = 1;
			remoteGlobalIDString = 92BC17F41942362800EFDCE1;
			remoteInfo = FlipDemo1;
		};
/* End PBXContainerItemProxy section */

/* Begin PBXFileReference section */
		92BC17F51942362800EFDCE1 /* FlipDemo1.app */ = {isa = PBXFileReference; explicitFileType = wrapper.application; includeInIndex = 0; path = FlipDemo1.app; sourceTree = BUILT_PRODUCTS_DIR; };
		92BC17F81942362800EFDCE1 /* Foundation.framework */ = {isa = PBXFileReference; lastKnownFileType = wrapper.framework; name = Foundation.framework; path = System/Library/Frameworks/Foundation.framework; sourceTree = SDKROOT; };
		92BC17FA1942362800EFDCE1 /* CoreGraphics.framework */ = {isa = PBXFileReference; lastKnownFileType = wrapper.framework; name = CoreGraphics.framework; path = System/Library/Frameworks/CoreGraphics.framework; sourceTree = SDKROOT; };
		92BC17FC1942362800EFDCE1 /* UIKit.framework */ = {isa = PBXFileReference; lastKnownFileType = wrapper.framework; name = UIKit.framework; path = System/Library/Frameworks/UIKit.framework; sourceTree = SDKROOT; };
		92BC18001942362800EFDCE1 /* FlipDemo1-Info.plist */ = {isa = PBXFileReference; lastKnownFileType = text.plist.xml; path = "FlipDemo1-Info.plist"; sourceTree = "<group>"; };
		92BC18021942362800EFDCE1 /* en */ = {isa = PBXFileReference; lastKnownFileType = text.plist.strings; name = en; path = en.lproj/InfoPlist.strings; sourceTree = "<group>"; };
		92BC18041942362800EFDCE1 /* main.m */ = {isa = PBXFileReference; lastKnownFileType = sourcecode.c.objc; path = main.m; sourceTree = "<group>"; };
		92BC18061942362800EFDCE1 /* FlipDemo1-Prefix.pch */ = {isa = PBXFileReference; lastKnownFileType = sourcecode.c.h; path = "FlipDemo1-Prefix.pch"; sourceTree = "<group>"; };
		92BC18071942362900EFDCE1 /* UnoAppDelegate.h */ = {isa = PBXFileReference; lastKnownFileType = sourcecode.c.h; path = UnoAppDelegate.h; sourceTree = "<group>"; };
		92BC18081942362900EFDCE1 /* UnoAppDelegate.m */ = {isa = PBXFileReference; lastKnownFileType = sourcecode.c.objc; path = UnoAppDelegate.m; sourceTree = "<group>"; };
		92BC180B1942362900EFDCE1 /* Base */ = {isa = PBXFileReference; lastKnownFileType = file.storyboard; name = Base; path = Base.lproj/Main.storyboard; sourceTree = "<group>"; };
		92BC180D1942362900EFDCE1 /* UnoFirstViewController.h */ = {isa = PBXFileReference; lastKnownFileType = sourcecode.c.h; path = UnoFirstViewController.h; sourceTree = "<group>"; };
		92BC180E1942362900EFDCE1 /* UnoFirstViewController.m */ = {isa = PBXFileReference; lastKnownFileType = sourcecode.c.objc; path = UnoFirstViewController.m; sourceTree = "<group>"; };
		92BC18101942362900EFDCE1 /* UnoSecondViewController.h */ = {isa = PBXFileReference; lastKnownFileType = sourcecode.c.h; path = UnoSecondViewController.h; sourceTree = "<group>"; };
		92BC18111942362900EFDCE1 /* UnoSecondViewController.m */ = {isa = PBXFileReference; lastKnownFileType = sourcecode.c.objc; path = UnoSecondViewController.m; sourceTree = "<group>"; };
		92BC18131942362900EFDCE1 /* Images.xcassets */ = {isa = PBXFileReference; lastKnownFileType = folder.assetcatalog; path = Images.xcassets; sourceTree = "<group>"; };
		92BC18191942362900EFDCE1 /* FlipDemo1Tests.xctest */ = {isa = PBXFileReference; explicitFileType = wrapper.cfbundle; includeInIndex = 0; path = FlipDemo1Tests.xctest; sourceTree = BUILT_PRODUCTS_DIR; };
		92BC181A1942362900EFDCE1 /* XCTest.framework */ = {isa = PBXFileReference; lastKnownFileType = wrapper.framework; name = XCTest.framework; path = Library/Frameworks/XCTest.framework; sourceTree = DEVELOPER_DIR; };
		92BC18221942362900EFDCE1 /* FlipDemo1Tests-Info.plist */ = {isa = PBXFileReference; lastKnownFileType = text.plist.xml; path = "FlipDemo1Tests-Info.plist"; sourceTree = "<group>"; };
		92BC18241942362900EFDCE1 /* en */ = {isa = PBXFileReference; lastKnownFileType = text.plist.strings; name = en; path = en.lproj/InfoPlist.strings; sourceTree = "<group>"; };
		92BC18261942362900EFDCE1 /* FlipDemo1Tests.m */ = {isa = PBXFileReference; lastKnownFileType = sourcecode.c.objc; path = FlipDemo1Tests.m; sourceTree = "<group>"; };
/* End PBXFileReference section */

/* Begin PBXFrameworksBuildPhase section */
		92BC17F21942362800EFDCE1 /* Frameworks */ = {
			isa = PBXFrameworksBuildPhase;
			buildActionMask = 2147483647;
			files = (
				92BC17FB1942362800EFDCE1 /* CoreGraphics.framework in Frameworks */,
				92BC17FD1942362800EFDCE1 /* UIKit.framework in Frameworks */,
				92BC17F91942362800EFDCE1 /* Foundation.framework in Frameworks */,
			);
			runOnlyForDeploymentPostprocessing = 0;
		};
		92BC18161942362900EFDCE1 /* Frameworks */ = {
			isa = PBXFrameworksBuildPhase;
			buildActionMask = 2147483647;
			files = (
				92BC181B1942362900EFDCE1 /* XCTest.framework in Frameworks */,
				92BC181D1942362900EFDCE1 /* UIKit.framework in Frameworks */,
				92BC181C1942362900EFDCE1 /* Foundation.framework in Frameworks */,
			);
			runOnlyForDeploymentPostprocessing = 0;
		};
/* End PBXFrameworksBuildPhase section */

/* Begin PBXGroup section */
		92BC17EC1942362800EFDCE1 = {
			isa = PBXGroup;
			children = (
				92BC17FE1942362800EFDCE1 /* FlipDemo1 */,
				92BC18201942362900EFDCE1 /* FlipDemo1Tests */,
				92BC17F71942362800EFDCE1 /* Frameworks */,
				92BC17F61942362800EFDCE1 /* Products */,
			);
			sourceTree = "<group>";
		};
		92BC17F61942362800EFDCE1 /* Products */ = {
			isa = PBXGroup;
			children = (
				92BC17F51942362800EFDCE1 /* FlipDemo1.app */,
				92BC18191942362900EFDCE1 /* FlipDemo1Tests.xctest */,
			);
			name = Products;
			sourceTree = "<group>";
		};
		92BC17F71942362800EFDCE1 /* Frameworks */ = {
			isa = PBXGroup;
			children = (
				92BC17F81942362800EFDCE1 /* Foundation.framework */,
				92BC17FA1942362800EFDCE1 /* CoreGraphics.framework */,
				92BC17FC1942362800EFDCE1 /* UIKit.framework */,
				92BC181A1942362900EFDCE1 /* XCTest.framework */,
			);
			name = Frameworks;
			sourceTree = "<group>";
		};
		92BC17FE1942362800EFDCE1 /* FlipDemo1 */ = {
			isa = PBXGroup;
			children = (
				92BC18071942362900EFDCE1 /* UnoAppDelegate.h */,
				92BC18081942362900EFDCE1 /* UnoAppDelegate.m */,
				92BC180A1942362900EFDCE1 /* Main.storyboard */,
				92BC180D1942362900EFDCE1 /* UnoFirstViewController.h */,
				92BC180E1942362900EFDCE1 /* UnoFirstViewController.m */,
				92BC18101942362900EFDCE1 /* UnoSecondViewController.h */,
				92BC18111942362900EFDCE1 /* UnoSecondViewController.m */,
				92BC18131942362900EFDCE1 /* Images.xcassets */,
				92BC17FF1942362800EFDCE1 /* Supporting Files */,
			);
			path = FlipDemo1;
			sourceTree = "<group>";
		};
		92BC17FF1942362800EFDCE1 /* Supporting Files */ = {
			isa = PBXGroup;
			children = (
				92BC18001942362800EFDCE1 /* FlipDemo1-Info.plist */,
				92BC18011942362800EFDCE1 /* InfoPlist.strings */,
				92BC18041942362800EFDCE1 /* main.m */,
				92BC18061942362800EFDCE1 /* FlipDemo1-Prefix.pch */,
			);
			name = "Supporting Files";
			sourceTree = "<group>";
		};
		92BC18201942362900EFDCE1 /* FlipDemo1Tests */ = {
			isa = PBXGroup;
			children = (
				92BC18261942362900EFDCE1 /* FlipDemo1Tests.m */,
				92BC18211942362900EFDCE1 /* Supporting Files */,
			);
			path = FlipDemo1Tests;
			sourceTree = "<group>";
		};
		92BC18211942362900EFDCE1 /* Supporting Files */ = {
			isa = PBXGroup;
			children = (
				92BC18221942362900EFDCE1 /* FlipDemo1Tests-Info.plist */,
				92BC18231942362900EFDCE1 /* InfoPlist.strings */,
			);
			name = "Supporting Files";
			sourceTree = "<group>";
		};
/* End PBXGroup section */

/* Begin PBXNativeTarget section */
		92BC17F41942362800EFDCE1 /* FlipDemo1 */ = {
			isa = PBXNativeTarget;
			buildConfigurationList = 92BC182A1942362900EFDCE1 /* Build configuration list for PBXNativeTarget "FlipDemo1" */;
			buildPhases = (
				92BC17F11942362800EFDCE1 /* Sources */,
				92BC17F21942362800EFDCE1 /* Frameworks */,
				92BC17F31942362800EFDCE1 /* Resources */,
			);
			buildRules = (
			);
			dependencies = (
			);
			name = FlipDemo1;
			productName = FlipDemo1;
			productReference = 92BC17F51942362800EFDCE1 /* FlipDemo1.app */;
			productType = "com.apple.product-type.application";
		};
		92BC18181942362900EFDCE1 /* FlipDemo1Tests */ = {
			isa = PBXNativeTarget;
			buildConfigurationList = 92BC182D1942362900EFDCE1 /* Build configuration list for PBXNativeTarget "FlipDemo1Tests" */;
			buildPhases = (
				92BC18151942362900EFDCE1 /* Sources */,
				92BC18161942362900EFDCE1 /* Frameworks */,
				92BC18171942362900EFDCE1 /* Resources */,
			);
			buildRules = (
			);
			dependencies = (
				92BC181F1942362900EFDCE1 /* PBXTargetDependency */,
			);
			name = FlipDemo1Tests;
			productName = FlipDemo1Tests;
			productReference = 92BC18191942362900EFDCE1 /* FlipDemo1Tests.xctest */;
			productType = "com.apple.product-type.bundle.unit-test";
		};
/* End PBXNativeTarget section */

/* Begin PBXProject section */
		92BC17ED1942362800EFDCE1 /* Project object */ = {
			isa = PBXProject;
			attributes = {
				CLASSPREFIX = Uno;
				LastUpgradeCheck = 0500;
				ORGANIZATIONNAME = "Rohun Ati";
				TargetAttributes = {
					92BC18181942362900EFDCE1 = {
						TestTargetID = 92BC17F41942362800EFDCE1;
					};
				};
			};
			buildConfigurationList = 92BC17F01942362800EFDCE1 /* Build configuration list for PBXProject "FlipDemo1" */;
			compatibilityVersion = "Xcode 3.2";
			developmentRegion = English;
			hasScannedForEncodings = 0;
			knownRegions = (
				en,
				Base,
			);
			mainGroup = 92BC17EC1942362800EFDCE1;
			productRefGroup = 92BC17F61942362800EFDCE1 /* Products */;
			projectDirPath = "";
			projectRoot = "";
			targets = (
				92BC17F41942362800EFDCE1 /* FlipDemo1 */,
				92BC18181942362900EFDCE1 /* FlipDemo1Tests */,
			);
		};
/* End PBXProject section */

/* Begin PBXResourcesBuildPhase section */
		92BC17F31942362800EFDCE1 /* Resources */ = {
			isa = PBXResourcesBuildPhase;
			buildActionMask = 2147483647;
			files = (
				92BC18141942362900EFDCE1 /* Images.xcassets in Resources */,
				92BC18031942362800EFDCE1 /* InfoPlist.strings in Resources */,
				92BC180C1942362900EFDCE1 /* Main.storyboard in Resources */,
			);
			runOnlyForDeploymentPostprocessing = 0;
		};
		92BC18171942362900EFDCE1 /* Resources */ = {
			isa = PBXResourcesBuildPhase;
			buildActionMask = 2147483647;
			files = (
				92BC18251942362900EFDCE1 /* InfoPlist.strings in Resources */,
			);
			runOnlyForDeploymentPostprocessing = 0;
		};
/* End PBXResourcesBuildPhase section */

/* Begin PBXSourcesBuildPhase section */
		92BC17F11942362800EFDCE1 /* Sources */ = {
			isa = PBXSourcesBuildPhase;
			buildActionMask = 2147483647;
			files = (
				92BC180F1942362900EFDCE1 /* UnoFirstViewController.m in Sources */,
				92BC18121942362900EFDCE1 /* UnoSecondViewController.m in Sources */,
				92BC18051942362800EFDCE1 /* main.m in Sources */,
				92BC18091942362900EFDCE1 /* UnoAppDelegate.m in Sources */,
			);
			runOnlyForDeploymentPostprocessing = 0;
		};
		92BC18151942362900EFDCE1 /* Sources */ = {
			isa = PBXSourcesBuildPhase;
			buildActionMask = 2147483647;
			files = (
				92BC18271942362900EFDCE1 /* FlipDemo1Tests.m in Sources */,
			);
			runOnlyForDeploymentPostprocessing = 0;
		};
/* End PBXSourcesBuildPhase section */

/* Begin PBXTargetDependency section */
		92BC181F1942362900EFDCE1 /* PBXTargetDependency */ = {
			isa = PBXTargetDependency;
			target = 92BC17F41942362800EFDCE1 /* FlipDemo1 */;
			targetProxy = 92BC181E1942362900EFDCE1 /* PBXContainerItemProxy */;
		};
/* End PBXTargetDependency section */

/* Begin PBXVariantGroup section */
		92BC18011942362800EFDCE1 /* InfoPlist.strings */ = {
			isa = PBXVariantGroup;
			children = (
				92BC18021942362800EFDCE1 /* en */,
			);
			name = InfoPlist.strings;
			sourceTree = "<group>";
		};
		92BC180A1942362900EFDCE1 /* Main.storyboard */ = {
			isa = PBXVariantGroup;
			children = (
				92BC180B1942362900EFDCE1 /* Base */,
			);
			name = Main.storyboard;
			sourceTree = "<group>";
		};
		92BC18231942362900EFDCE1 /* InfoPlist.strings */ = {
			isa = PBXVariantGroup;
			children = (
				92BC18241942362900EFDCE1 /* en */,
			);
			name = InfoPlist.strings;
			sourceTree = "<group>";
		};
/* End PBXVariantGroup section */

/* Begin XCBuildConfiguration section */
		92BC18281942362900EFDCE1 /* Debug */ = {
			isa = XCBuildConfiguration;
			buildSettings = {
				ALWAYS_SEARCH_USER_PATHS = NO;
				ARCHS = "$(ARCHS_STANDARD_INCLUDING_64_BIT)";
				CLANG_CXX_LANGUAGE_STANDARD = "gnu++0x";
				CLANG_CXX_LIBRARY = "libc++";
				CLANG_ENABLE_MODULES = YES;
				CLANG_ENABLE_OBJC_ARC = YES;
				CLANG_WARN_BOOL_CONVERSION = YES;
				CLANG_WARN_CONSTANT_CONVERSION = YES;
				CLANG_WARN_DIRECT_OBJC_ISA_USAGE = YES_ERROR;
				CLANG_WARN_EMPTY_BODY = YES;
				CLANG_WARN_ENUM_CONVERSION = YES;
				CLANG_WARN_INT_CONVERSION = YES;
				CLANG_WARN_OBJC_ROOT_CLASS = YES_ERROR;
				CLANG_WARN__DUPLICATE_METHOD_MATCH = YES;
				"CODE_SIGN_IDENTITY[sdk=iphoneos*]" = "iPhone Developer";
				COPY_PHASE_STRIP = NO;
				GCC_C_LANGUAGE_STANDARD = gnu99;
				GCC_DYNAMIC_NO_PIC = NO;
				GCC_OPTIMIZATION_LEVEL = 0;
				GCC_PREPROCESSOR_DEFINITIONS = (
					"DEBUG=1",
					"$(inherited)",
				);
				GCC_SYMBOLS_PRIVATE_EXTERN = NO;
				GCC_WARN_64_TO_32_BIT_CONVERSION = YES;
				GCC_WARN_ABOUT_RETURN_TYPE = YES_ERROR;
				GCC_WARN_UNDECLARED_SELECTOR = YES;
				GCC_WARN_UNINITIALIZED_AUTOS = YES;
				GCC_WARN_UNUSED_FUNCTION = YES;
				GCC_WARN_UNUSED_VARIABLE = YES;
				IPHONEOS_DEPLOYMENT_TARGET = 7.0;
				ONLY_ACTIVE_ARCH = YES;
				SDKROOT = iphoneos;
			};
			name = Debug;
		};
		92BC18291942362900EFDCE1 /* Release */ = {
			isa = XCBuildConfiguration;
			buildSettings = {
				ALWAYS_SEARCH_USER_PATHS = NO;
				ARCHS = "$(ARCHS_STANDARD_INCLUDING_64_BIT)";
				CLANG_CXX_LANGUAGE_STANDARD = "gnu++0x";
				CLANG_CXX_LIBRARY = "libc++";
				CLANG_ENABLE_MODULES = YES;
				CLANG_ENABLE_OBJC_ARC = YES;
				CLANG_WARN_BOOL_CONVERSION = YES;
				CLANG_WARN_CONSTANT_CONVERSION = YES;
				CLANG_WARN_DIRECT_OBJC_ISA_USAGE = YES_ERROR;
				CLANG_WARN_EMPTY_BODY = YES;
				CLANG_WARN_ENUM_CONVERSION = YES;
				CLANG_WARN_INT_CONVERSION = YES;
				CLANG_WARN_OBJC_ROOT_CLASS = YES_ERROR;
				CLANG_WARN__DUPLICATE_METHOD_MATCH = YES;
				"CODE_SIGN_IDENTITY[sdk=iphoneos*]" = "iPhone Developer";
				COPY_PHASE_STRIP = YES;
				ENABLE_NS_ASSERTIONS = NO;
				GCC_C_LANGUAGE_STANDARD = gnu99;
				GCC_WARN_64_TO_32_BIT_CONVERSION = YES;
				GCC_WARN_ABOUT_RETURN_TYPE = YES_ERROR;
				GCC_WARN_UNDECLARED_SELECTOR = YES;
				GCC_WARN_UNINITIALIZED_AUTOS = YES;
				GCC_WARN_UNUSED_FUNCTION = YES;
				GCC_WARN_UNUSED_VARIABLE = YES;
				IPHONEOS_DEPLOYMENT_TARGET = 7.0;
				SDKROOT = iphoneos;
				VALIDATE_PRODUCT = YES;
			};
			name = Release;
		};
		92BC182B1942362900EFDCE1 /* Debug */ = {
			isa = XCBuildConfiguration;
			buildSettings = {
				ASSETCATALOG_COMPILER_APPICON_NAME = AppIcon;
				ASSETCATALOG_COMPILER_LAUNCHIMAGE_NAME = LaunchImage;
				GCC_PRECOMPILE_PREFIX_HEADER = YES;
				GCC_PREFIX_HEADER = "FlipDemo1/FlipDemo1-Prefix.pch";
				INFOPLIST_FILE = "FlipDemo1/FlipDemo1-Info.plist";
				PRODUCT_NAME = "$(TARGET_NAME)";
				WRAPPER_EXTENSION = app;
			};
			name = Debug;
		};
		92BC182C1942362900EFDCE1 /* Release */ = {
			isa = XCBuildConfiguration;
			buildSettings = {
				ASSETCATALOG_COMPILER_APPICON_NAME = AppIcon;
				ASSETCATALOG_COMPILER_LAUNCHIMAGE_NAME = LaunchImage;
				GCC_PRECOMPILE_PREFIX_HEADER = YES;
				GCC_PREFIX_HEADER = "FlipDemo1/FlipDemo1-Prefix.pch";
				INFOPLIST_FILE = "FlipDemo1/FlipDemo1-Info.plist";
				PRODUCT_NAME = "$(TARGET_NAME)";
				WRAPPER_EXTENSION = app;
			};
			name = Release;
		};
		92BC182E1942362900EFDCE1 /* Debug */ = {
			isa = XCBuildConfiguration;
			buildSettings = {
				ARCHS = "$(ARCHS_STANDARD_INCLUDING_64_BIT)";
				BUNDLE_LOADER = "$(BUILT_PRODUCTS_DIR)/FlipDemo1.app/FlipDemo1";
				FRAMEWORK_SEARCH_PATHS = (
					"$(SDKROOT)/Developer/Library/Frameworks",
					"$(inherited)",
					"$(DEVELOPER_FRAMEWORKS_DIR)",
				);
				GCC_PRECOMPILE_PREFIX_HEADER = YES;
				GCC_PREFIX_HEADER = "FlipDemo1/FlipDemo1-Prefix.pch";
				GCC_PREPROCESSOR_DEFINITIONS = (
					"DEBUG=1",
					"$(inherited)",
				);
				INFOPLIST_FILE = "FlipDemo1Tests/FlipDemo1Tests-Info.plist";
				PRODUCT_NAME = "$(TARGET_NAME)";
				TEST_HOST = "$(BUNDLE_LOADER)";
				WRAPPER_EXTENSION = xctest;
			};
			name = Debug;
		};
		92BC182F1942362900EFDCE1 /* Release */ = {
			isa = XCBuildConfiguration;
			buildSettings = {
				ARCHS = "$(ARCHS_STANDARD_INCLUDING_64_BIT)";
				BUNDLE_LOADER = "$(BUILT_PRODUCTS_DIR)/FlipDemo1.app/FlipDemo1";
				FRAMEWORK_SEARCH_PATHS = (
					"$(SDKROOT)/Developer/Library/Frameworks",
					"$(inherited)",
					"$(DEVELOPER_FRAMEWORKS_DIR)",
				);
				GCC_PRECOMPILE_PREFIX_HEADER = YES;
				GCC_PREFIX_HEADER = "FlipDemo1/FlipDemo1-Prefix.pch";
				INFOPLIST_FILE = "FlipDemo1Tests/FlipDemo1Tests-Info.plist";
				PRODUCT_NAME = "$(TARGET_NAME)";
				TEST_HOST = "$(BUNDLE_LOADER)";
				WRAPPER_EXTENSION = xctest;
			};
			name = Release;
		};
/* End XCBuildConfiguration section */

/* Begin XCConfigurationList section */
		92BC17F01942362800EFDCE1 /* Build configuration list for PBXProject "FlipDemo1" */ = {
			isa = XCConfigurationList;
			buildConfigurations = (
				92BC18281942362900EFDCE1 /* Debug */,
				92BC18291942362900EFDCE1 /* Release */,
			);
			defaultConfigurationIsVisible = 0;
			defaultConfigurationName = Release;
		};
		92BC182A1942362900EFDCE1 /* Build configuration list for PBXNativeTarget "FlipDemo1" */ = {
			isa = XCConfigurationList;
			buildConfigurations = (
				92BC182B1942362900EFDCE1 /* Debug */,
				92BC182C1942362900EFDCE1 /* Release */,
			);
			defaultConfigurationIsVisible = 0;
		};
		92BC182D1942362900EFDCE1 /* Build configuration list for PBXNativeTarget "FlipDemo1Tests" */ = {
			isa = XCConfigurationList;
			buildConfigurations = (
				92BC182E1942362900EFDCE1 /* Debug */,
				92BC182F1942362900EFDCE1 /* Release */,
			);
			defaultConfigurationIsVisible = 0;
		};
/* End XCConfigurationList section */
	};
	rootObject = 92BC17ED1942362800EFDCE1 /* Project object */;
}
